
Microsoft Visual Studio Solution File, Format Version 12.00
# Visual Studio 15
VisualStudioVersion = 15.0.26730.12
MinimumVisualStudioVersion = 10.0.40219.1
Project("{FAE04EC0-301F-11D3-BF4B-00C04F79EFBC}") = "EMX.WorkersBenefits.WebAPI", "EMX.WorkersBenefits.WebAPI\EMX.WorkersBenefits.WebAPI.csproj", "{8CDA7087-6244-4DEF-975F-6D807B623970}"
EndProject
Project("{FAE04EC0-301F-11D3-BF4B-00C04F79EFBC}") = "EMX.WorkersBenefits.WebAPI.Tests", "EMX.WorkersBenefits.WebAPI.Tests\EMX.WorkersBenefits.WebAPI.Tests.csproj", "{3F549302-C96E-4460-91DD-4C27277A4A15}"
EndProject
Project("{FAE04EC0-301F-11D3-BF4B-00C04F79EFBC}") = "EMX.WorkersBenefits.BL", "EMX.WorkersBenefits.BL\EMX.WorkersBenefits.BL.csproj", "{B83FE8A0-E0E7-4D47-86E3-9E702B8C24B9}"
EndProject
Project("{FAE04EC0-301F-11D3-BF4B-00C04F79EFBC}") = "EMX.WorkersBenefits.DAL", "EMX.WorkersBenefits.DAL\EMX.WorkersBenefits.DAL.csproj", "{94571CA2-B615-4429-84C5-D972A76C8222}"
EndProject
Project("{FAE04EC0-301F-11D3-BF4B-00C04F79EFBC}") = "EMX.WorkersBenefits.Shared", "EMX.WorkersBenefits.Shared\EMX.WorkersBenefits.Shared.csproj", "{D869B156-5CDE-4B6E-9316-C77CCFCD9336}"
EndProject
Project("{FAE04EC0-301F-11D3-BF4B-00C04F79EFBC}") = "EMX.WorkersBenefits.MVC", "EMX.WorkersBenefits.MVC\EMX.WorkersBenefits.MVC.csproj", "{B2875441-F663-4101-BB7A-F1C3F5BFF302}"
EndProject
Project("{FAE04EC0-301F-11D3-BF4B-00C04F79EFBC}") = "EMX.WorkersBenefits.MVC.Tests", "EMX.WorkersBenefits.MVC.Tests\EMX.WorkersBenefits.MVC.Tests.csproj", "{03EEB116-4309-4CCB-91E6-43B6F3B8BFCF}"
EndProject
Project("{9A19103F-16F7-4668-BE54-9A1E7A4F7556}") = "EMX.WorkersBenefits.ASPCore.API", "EMX.WorkersBenefits.ASPCore.API\EMX.WorkersBenefits.ASPCore.API.csproj", "{9F06D8BE-AA58-418B-B0F5-8D2EFBF59807}"
EndProject
Project("{FAE04EC0-301F-11D3-BF4B-00C04F79EFBC}") = "EMX.WorkersBenefits.Admin.MVC", "EMX.WorkersBenefits.Admin.MVC\EMX.WorkersBenefits.Admin.MVC.csproj", "{80B7AD73-1F97-436F-8A44-173004A2016A}"
EndProject
Project("{FAE04EC0-301F-11D3-BF4B-00C04F79EFBC}") = "EMX.WorkersBenefits.SPA.API", "EMX.WorkersBenefits.SPA.API\EMX.WorkersBenefits.SPA.API.csproj", "{D6491158-11F9-4E3E-9C7B-302D441473D0}"
EndProject
Project("{FAE04EC0-301F-11D3-BF4B-00C04F79EFBC}") = "EMX.WorkersBenefits.SPA.API.Tests", "EMX.WorkersBenefits.SPA.API.Tests\EMX.WorkersBenefits.SPA.API.Tests.csproj", "{6AEDACB5-B515-4885-8D57-4748C0158FE1}"
EndProject
Project("{2150E333-8FDC-42A3-9474-1A3956D46DE8}") = "Unload", "Unload", "{DA7CFA5D-7042-4556-BA2F-089D7CC34280}"
EndProject
Project("{2150E333-8FDC-42A3-9474-1A3956D46DE8}") = "Admin", "Admin", "{2A5B27D3-1D8F-4977-9799-E58A922C7FF5}"
EndProject
Project("{FAE04EC0-301F-11D3-BF4B-00C04F79EFBC}") = "EMX.WorkersBenefits.ProxyServices", "EMX.WorkersBenefits.ProxyServices\EMX.WorkersBenefits.ProxyServices.csproj", "{AEE1EF98-A40D-4D28-96B6-4635868C3BB1}"
EndProject
Global
	GlobalSection(SolutionConfigurationPlatforms) = preSolution
		Debug|Any CPU = Debug|Any CPU
		Release|Any CPU = Release|Any CPU
	EndGlobalSection
	GlobalSection(ProjectConfigurationPlatforms) = postSolution
		{8CDA7087-6244-4DEF-975F-6D807B623970}.Debug|Any CPU.ActiveCfg = Debug|Any CPU
		{8CDA7087-6244-4DEF-975F-6D807B623970}.Debug|Any CPU.Build.0 = Debug|Any CPU
		{8CDA7087-6244-4DEF-975F-6D807B623970}.Release|Any CPU.ActiveCfg = Release|Any CPU
		{8CDA7087-6244-4DEF-975F-6D807B623970}.Release|Any CPU.Build.0 = Release|Any CPU
		{3F549302-C96E-4460-91DD-4C27277A4A15}.Debug|Any CPU.ActiveCfg = Debug|Any CPU
		{3F549302-C96E-4460-91DD-4C27277A4A15}.Debug|Any CPU.Build.0 = Debug|Any CPU
		{3F549302-C96E-4460-91DD-4C27277A4A15}.Release|Any CPU.ActiveCfg = Release|Any CPU
		{3F549302-C96E-4460-91DD-4C27277A4A15}.Release|Any CPU.Build.0 = Release|Any CPU
		{B83FE8A0-E0E7-4D47-86E3-9E702B8C24B9}.Debug|Any CPU.ActiveCfg = Debug|Any CPU
		{B83FE8A0-E0E7-4D47-86E3-9E702B8C24B9}.Debug|Any CPU.Build.0 = Debug|Any CPU
		{B83FE8A0-E0E7-4D47-86E3-9E702B8C24B9}.Release|Any CPU.ActiveCfg = Release|Any CPU
		{B83FE8A0-E0E7-4D47-86E3-9E702B8C24B9}.Release|Any CPU.Build.0 = Release|Any CPU
		{94571CA2-B615-4429-84C5-D972A76C8222}.Debug|Any CPU.ActiveCfg = Debug|Any CPU
		{94571CA2-B615-4429-84C5-D972A76C8222}.Debug|Any CPU.Build.0 = Debug|Any CPU
		{94571CA2-B615-4429-84C5-D972A76C8222}.Release|Any CPU.ActiveCfg = Release|Any CPU
		{94571CA2-B615-4429-84C5-D972A76C8222}.Release|Any CPU.Build.0 = Release|Any CPU
		{D869B156-5CDE-4B6E-9316-C77CCFCD9336}.Debug|Any CPU.ActiveCfg = Debug|Any CPU
		{D869B156-5CDE-4B6E-9316-C77CCFCD9336}.Debug|Any CPU.Build.0 = Debug|Any CPU
		{D869B156-5CDE-4B6E-9316-C77CCFCD9336}.Release|Any CPU.ActiveCfg = Release|Any CPU
		{D869B156-5CDE-4B6E-9316-C77CCFCD9336}.Release|Any CPU.Build.0 = Release|Any CPU
		{B2875441-F663-4101-BB7A-F1C3F5BFF302}.Debug|Any CPU.ActiveCfg = Debug|Any CPU
		{B2875441-F663-4101-BB7A-F1C3F5BFF302}.Debug|Any CPU.Build.0 = Debug|Any CPU
		{B2875441-F663-4101-BB7A-F1C3F5BFF302}.Release|Any CPU.ActiveCfg = Release|Any CPU
		{B2875441-F663-4101-BB7A-F1C3F5BFF302}.Release|Any CPU.Build.0 = Release|Any CPU
		{03EEB116-4309-4CCB-91E6-43B6F3B8BFCF}.Debug|Any CPU.ActiveCfg = Debug|Any CPU
		{03EEB116-4309-4CCB-91E6-43B6F3B8BFCF}.Debug|Any CPU.Build.0 = Debug|Any CPU
		{03EEB116-4309-4CCB-91E6-43B6F3B8BFCF}.Release|Any CPU.ActiveCfg = Release|Any CPU
		{03EEB116-4309-4CCB-91E6-43B6F3B8BFCF}.Release|Any CPU.Build.0 = Release|Any CPU
		{9F06D8BE-AA58-418B-B0F5-8D2EFBF59807}.Debug|Any CPU.ActiveCfg = Debug|Any CPU
		{9F06D8BE-AA58-418B-B0F5-8D2EFBF59807}.Debug|Any CPU.Build.0 = Debug|Any CPU
		{9F06D8BE-AA58-418B-B0F5-8D2EFBF59807}.Release|Any CPU.ActiveCfg = Release|Any CPU
		{9F06D8BE-AA58-418B-B0F5-8D2EFBF59807}.Release|Any CPU.Build.0 = Release|Any CPU
		{80B7AD73-1F97-436F-8A44-173004A2016A}.Debug|Any CPU.ActiveCfg = Debug|Any CPU
		{80B7AD73-1F97-436F-8A44-173004A2016A}.Debug|Any CPU.Build.0 = Debug|Any CPU
		{80B7AD73-1F97-436F-8A44-173004A2016A}.Release|Any CPU.ActiveCfg = Release|Any CPU
		{80B7AD73-1F97-436F-8A44-173004A2016A}.Release|Any CPU.Build.0 = Release|Any CPU
		{D6491158-11F9-4E3E-9C7B-302D441473D0}.Debug|Any CPU.ActiveCfg = Debug|Any CPU
		{D6491158-11F9-4E3E-9C7B-302D441473D0}.Debug|Any CPU.Build.0 = Debug|Any CPU
		{D6491158-11F9-4E3E-9C7B-302D441473D0}.Release|Any CPU.ActiveCfg = Release|Any CPU
		{D6491158-11F9-4E3E-9C7B-302D441473D0}.Release|Any CPU.Build.0 = Release|Any CPU
		{6AEDACB5-B515-4885-8D57-4748C0158FE1}.Debug|Any CPU.ActiveCfg = Debug|Any CPU
		{6AEDACB5-B515-4885-8D57-4748C0158FE1}.Debug|Any CPU.Build.0 = Debug|Any CPU
		{6AEDACB5-B515-4885-8D57-4748C0158FE1}.Release|Any CPU.ActiveCfg = Release|Any CPU
		{6AEDACB5-B515-4885-8D57-4748C0158FE1}.Release|Any CPU.Build.0 = Release|Any CPU
		{AEE1EF98-A40D-4D28-96B6-4635868C3BB1}.Debug|Any CPU.ActiveCfg = Debug|Any CPU
		{AEE1EF98-A40D-4D28-96B6-4635868C3BB1}.Debug|Any CPU.Build.0 = Debug|Any CPU
		{AEE1EF98-A40D-4D28-96B6-4635868C3BB1}.Release|Any CPU.ActiveCfg = Release|Any CPU
		{AEE1EF98-A40D-4D28-96B6-4635868C3BB1}.Release|Any CPU.Build.0 = Release|Any CPU
	EndGlobalSection
	GlobalSection(SolutionProperties) = preSolution
		HideSolutionNode = FALSE
	EndGlobalSection
	GlobalSection(NestedProjects) = preSolution
		{8CDA7087-6244-4DEF-975F-6D807B623970} = {DA7CFA5D-7042-4556-BA2F-089D7CC34280}
		{3F549302-C96E-4460-91DD-4C27277A4A15} = {DA7CFA5D-7042-4556-BA2F-089D7CC34280}
		{9F06D8BE-AA58-418B-B0F5-8D2EFBF59807} = {DA7CFA5D-7042-4556-BA2F-089D7CC34280}
		{80B7AD73-1F97-436F-8A44-173004A2016A} = {2A5B27D3-1D8F-4977-9799-E58A922C7FF5}
		{D6491158-11F9-4E3E-9C7B-302D441473D0} = {DA7CFA5D-7042-4556-BA2F-089D7CC34280}
		{6AEDACB5-B515-4885-8D57-4748C0158FE1} = {DA7CFA5D-7042-4556-BA2F-089D7CC34280}
	EndGlobalSection
	GlobalSection(ExtensibilityGlobals) = postSolution
		SolutionGuid = {4750F9A4-FFD6-4342-B34B-54794C14E6D0}
	EndGlobalSection
	GlobalSection(TeamFoundationVersionControl) = preSolution
		SccNumberOfProjects = 13
		SccEnterpriseProvider = {4CA58AB2-18FA-4F8D-95D4-32DDF27D184C}
		SccTeamFoundationServer = https://oahdout85.visualstudio.com/
		SccLocalPath0 = .
		SccProjectUniqueName1 = EMX.WorkersBenefits.WebAPI.Tests\\EMX.WorkersBenefits.WebAPI.Tests.csproj
		SccProjectTopLevelParentUniqueName1 = EMX.WorkersBenefits.sln
		SccProjectName1 = EMX.WorkersBenefits.WebAPI.Tests
		SccLocalPath1 = EMX.WorkersBenefits.WebAPI.Tests
		SccProjectUniqueName2 = EMX.WorkersBenefits.WebAPI\\EMX.WorkersBenefits.WebAPI.csproj
		SccProjectTopLevelParentUniqueName2 = EMX.WorkersBenefits.sln
		SccProjectName2 = EMX.WorkersBenefits.WebAPI
		SccLocalPath2 = EMX.WorkersBenefits.WebAPI
		SccProjectUniqueName3 = EMX.WorkersBenefits.BL\\EMX.WorkersBenefits.BL.csproj
		SccProjectName3 = EMX.WorkersBenefits.BL
		SccLocalPath3 = EMX.WorkersBenefits.BL
		SccProjectUniqueName4 = EMX.WorkersBenefits.DAL\\EMX.WorkersBenefits.DAL.csproj
		SccProjectName4 = EMX.WorkersBenefits.DAL
		SccLocalPath4 = EMX.WorkersBenefits.DAL
		SccProjectUniqueName5 = EMX.WorkersBenefits.Shared\\EMX.WorkersBenefits.Shared.csproj
		SccProjectName5 = EMX.WorkersBenefits.Shared
		SccLocalPath5 = EMX.WorkersBenefits.Shared
		SccProjectUniqueName6 = EMX.WorkersBenefits.MVC\\EMX.WorkersBenefits.MVC.csproj
		SccProjectName6 = EMX.WorkersBenefits.MVC
		SccLocalPath6 = EMX.WorkersBenefits.MVC
		SccProjectUniqueName7 = EMX.WorkersBenefits.MVC.Tests\\EMX.WorkersBenefits.MVC.Tests.csproj
		SccProjectName7 = EMX.WorkersBenefits.MVC.Tests
		SccLocalPath7 = EMX.WorkersBenefits.MVC.Tests
		SccProjectUniqueName8 = EMX.WorkersBenefits.ASPCore.API\\EMX.WorkersBenefits.ASPCore.API.csproj
		SccProjectTopLevelParentUniqueName8 = EMX.WorkersBenefits.sln
		SccProjectName8 = EMX.WorkersBenefits.ASPCore.API
		SccLocalPath8 = EMX.WorkersBenefits.ASPCore.API
		SccProjectUniqueName9 = EMX.WorkersBenefits.Admin.MVC\\EMX.WorkersBenefits.Admin.MVC.csproj
		SccProjectTopLevelParentUniqueName9 = EMX.WorkersBenefits.sln
		SccProjectName9 = EMX.WorkersBenefits.Admin.MVC
		SccLocalPath9 = EMX.WorkersBenefits.Admin.MVC
		SccProjectUniqueName10 = EMX.WorkersBenefits.SPA.API\\EMX.WorkersBenefits.SPA.API.csproj
		SccProjectTopLevelParentUniqueName10 = EMX.WorkersBenefits.sln
		SccProjectName10 = EMX.WorkersBenefits.SPA.API
		SccLocalPath10 = EMX.WorkersBenefits.SPA.API
		SccProjectUniqueName11 = EMX.WorkersBenefits.SPA.API.Tests\\EMX.WorkersBenefits.SPA.API.Tests.csproj
		SccProjectTopLevelParentUniqueName11 = EMX.WorkersBenefits.sln
		SccProjectName11 = EMX.WorkersBenefits.SPA.API.Tests
		SccLocalPath11 = EMX.WorkersBenefits.SPA.API.Tests
		SccProjectUniqueName12 = EMX.WorkersBenefits.ProxyServices\\EMX.WorkersBenefits.ProxyServices.csproj
		SccProjectName12 = EMX.WorkersBenefits.ProxyServices
		SccLocalPath12 = EMX.WorkersBenefits.ProxyServices
	EndGlobalSection
EndGlobal
